
Microsoft Visual Studio Solution File, Format Version 12.00
# Visual Studio 15
VisualStudioVersion = 15.0.27428.2037
MinimumVisualStudioVersion = 10.0.40219.1
Project("{FAE04EC0-301F-11D3-BF4B-00C04F79EFBC}") = "L1.Android", "L1\L1.Android\L1.Android.csproj", "{D1930D72-28B8-46A2-9B65-AE3BD4145CEE}"
EndProject
Project("{FAE04EC0-301F-11D3-BF4B-00C04F79EFBC}") = "L1.iOS", "L1\L1.iOS\L1.iOS.csproj", "{7C53547A-6665-4C3B-BD3C-6C2D65362FEA}"
EndProject
Project("{FAE04EC0-301F-11D3-BF4B-00C04F79EFBC}") = "L1.UWP", "L1\L1.UWP\L1.UWP.csproj", "{D9288A2E-576A-4988-A63F-D4E0B0C9663D}"
EndProject
Project("{D954291E-2A0B-460D-934E-DC6B0785DB48}") = "L1", "L1\L1\L1.shproj", "{CAFBE380-1949-4914-98E5-4944A7DF1281}"
EndProject
Global
	GlobalSection(SharedMSBuildProjectFiles) = preSolution
		L1\L1\L1.projitems*{7c53547a-6665-4c3b-bd3c-6c2d65362fea}*SharedItemsImports = 4
		L1\L1\L1.projitems*{cafbe380-1949-4914-98e5-4944a7df1281}*SharedItemsImports = 13
		L1\L1\L1.projitems*{d1930d72-28b8-46a2-9b65-ae3bd4145cee}*SharedItemsImports = 4
		L1\L1\L1.projitems*{d9288a2e-576a-4988-a63f-d4e0b0c9663d}*SharedItemsImports = 4
	EndGlobalSection
	GlobalSection(SolutionConfigurationPlatforms) = preSolution
		Ad-Hoc|Any CPU = Ad-Hoc|Any CPU
		Ad-Hoc|ARM = Ad-Hoc|ARM
		Ad-Hoc|iPhone = Ad-Hoc|iPhone
		Ad-Hoc|iPhoneSimulator = Ad-Hoc|iPhoneSimulator
		Ad-Hoc|x64 = Ad-Hoc|x64
		Ad-Hoc|x86 = Ad-Hoc|x86
		AppStore|Any CPU = AppStore|Any CPU
		AppStore|ARM = AppStore|ARM
		AppStore|iPhone = AppStore|iPhone
		AppStore|iPhoneSimulator = AppStore|iPhoneSimulator
		AppStore|x64 = AppStore|x64
		AppStore|x86 = AppStore|x86
		Debug|Any CPU = Debug|Any CPU
		Debug|ARM = Debug|ARM
		Debug|iPhone = Debug|iPhone
		Debug|iPhoneSimulator = Debug|iPhoneSimulator
		Debug|x64 = Debug|x64
		Debug|x86 = Debug|x86
		Release|Any CPU = Release|Any CPU
		Release|ARM = Release|ARM
		Release|iPhone = Release|iPhone
		Release|iPhoneSimulator = Release|iPhoneSimulator
		Release|x64 = Release|x64
		Release|x86 = Release|x86
	EndGlobalSection
	GlobalSection(ProjectConfigurationPlatforms) = postSolution
		{D1930D72-28B8-46A2-9B65-AE3BD4145CEE}.Ad-Hoc|Any CPU.ActiveCfg = Release|Any CPU
		{D1930D72-28B8-46A2-9B65-AE3BD4145CEE}.Ad-Hoc|Any CPU.Build.0 = Release|Any CPU
		{D1930D72-28B8-46A2-9B65-AE3BD4145CEE}.Ad-Hoc|Any CPU.Deploy.0 = Release|Any CPU
		{D1930D72-28B8-46A2-9B65-AE3BD4145CEE}.Ad-Hoc|ARM.ActiveCfg = Release|Any CPU
		{D1930D72-28B8-46A2-9B65-AE3BD4145CEE}.Ad-Hoc|ARM.Build.0 = Release|Any CPU
		{D1930D72-28B8-46A2-9B65-AE3BD4145CEE}.Ad-Hoc|ARM.Deploy.0 = Release|Any CPU
		{D1930D72-28B8-46A2-9B65-AE3BD4145CEE}.Ad-Hoc|iPhone.ActiveCfg = Release|Any CPU
		{D1930D72-28B8-46A2-9B65-AE3BD4145CEE}.Ad-Hoc|iPhone.Build.0 = Release|Any CPU
		{D1930D72-28B8-46A2-9B65-AE3BD4145CEE}.Ad-Hoc|iPhone.Deploy.0 = Release|Any CPU
		{D1930D72-28B8-46A2-9B65-AE3BD4145CEE}.Ad-Hoc|iPhoneSimulator.ActiveCfg = Release|Any CPU
		{D1930D72-28B8-46A2-9B65-AE3BD4145CEE}.Ad-Hoc|iPhoneSimulator.Build.0 = Release|Any CPU
		{D1930D72-28B8-46A2-9B65-AE3BD4145CEE}.Ad-Hoc|iPhoneSimulator.Deploy.0 = Release|Any CPU
		{D1930D72-28B8-46A2-9B65-AE3BD4145CEE}.Ad-Hoc|x64.ActiveCfg = Release|Any CPU
		{D1930D72-28B8-46A2-9B65-AE3BD4145CEE}.Ad-Hoc|x64.Build.0 = Release|Any CPU
		{D1930D72-28B8-46A2-9B65-AE3BD4145CEE}.Ad-Hoc|x64.Deploy.0 = Release|Any CPU
		{D1930D72-28B8-46A2-9B65-AE3BD4145CEE}.Ad-Hoc|x86.ActiveCfg = Release|Any CPU
		{D1930D72-28B8-46A2-9B65-AE3BD4145CEE}.Ad-Hoc|x86.Build.0 = Release|Any CPU
		{D1930D72-28B8-46A2-9B65-AE3BD4145CEE}.Ad-Hoc|x86.Deploy.0 = Release|Any CPU
		{D1930D72-28B8-46A2-9B65-AE3BD4145CEE}.AppStore|Any CPU.ActiveCfg = Release|Any CPU
		{D1930D72-28B8-46A2-9B65-AE3BD4145CEE}.AppStore|Any CPU.Build.0 = Release|Any CPU
		{D1930D72-28B8-46A2-9B65-AE3BD4145CEE}.AppStore|Any CPU.Deploy.0 = Release|Any CPU
		{D1930D72-28B8-46A2-9B65-AE3BD4145CEE}.AppStore|ARM.ActiveCfg = Release|Any CPU
		{D1930D72-28B8-46A2-9B65-AE3BD4145CEE}.AppStore|ARM.Build.0 = Release|Any CPU
		{D1930D72-28B8-46A2-9B65-AE3BD4145CEE}.AppStore|ARM.Deploy.0 = Release|Any CPU
		{D1930D72-28B8-46A2-9B65-AE3BD4145CEE}.AppStore|iPhone.ActiveCfg = Release|Any CPU
		{D1930D72-28B8-46A2-9B65-AE3BD4145CEE}.AppStore|iPhone.Build.0 = Release|Any CPU
		{D1930D72-28B8-46A2-9B65-AE3BD4145CEE}.AppStore|iPhone.Deploy.0 = Release|Any CPU
		{D1930D72-28B8-46A2-9B65-AE3BD4145CEE}.AppStore|iPhoneSimulator.ActiveCfg = Release|Any CPU
		{D1930D72-28B8-46A2-9B65-AE3BD4145CEE}.AppStore|iPhoneSimulator.Build.0 = Release|Any CPU
		{D1930D72-28B8-46A2-9B65-AE3BD4145CEE}.AppStore|iPhoneSimulator.Deploy.0 = Release|Any CPU
		{D1930D72-28B8-46A2-9B65-AE3BD4145CEE}.AppStore|x64.ActiveCfg = Release|Any CPU
		{D1930D72-28B8-46A2-9B65-AE3BD4145CEE}.AppStore|x64.Build.0 = Release|Any CPU
		{D1930D72-28B8-46A2-9B65-AE3BD4145CEE}.AppStore|x64.Deploy.0 = Release|Any CPU
		{D1930D72-28B8-46A2-9B65-AE3BD4145CEE}.AppStore|x86.ActiveCfg = Release|Any CPU
		{D1930D72-28B8-46A2-9B65-AE3BD4145CEE}.AppStore|x86.Build.0 = Release|Any CPU
		{D1930D72-28B8-46A2-9B65-AE3BD4145CEE}.AppStore|x86.Deploy.0 = Release|Any CPU
		{D1930D72-28B8-46A2-9B65-AE3BD4145CEE}.Debug|Any CPU.ActiveCfg = Debug|Any CPU
		{D1930D72-28B8-46A2-9B65-AE3BD4145CEE}.Debug|Any CPU.Build.0 = Debug|Any CPU
		{D1930D72-28B8-46A2-9B65-AE3BD4145CEE}.Debug|Any CPU.Deploy.0 = Debug|Any CPU
		{D1930D72-28B8-46A2-9B65-AE3BD4145CEE}.Debug|ARM.ActiveCfg = Debug|Any CPU
		{D1930D72-28B8-46A2-9B65-AE3BD4145CEE}.Debug|ARM.Build.0 = Debug|Any CPU
		{D1930D72-28B8-46A2-9B65-AE3BD4145CEE}.Debug|ARM.Deploy.0 = Debug|Any CPU
		{D1930D72-28B8-46A2-9B65-AE3BD4145CEE}.Debug|iPhone.ActiveCfg = Debug|Any CPU
		{D1930D72-28B8-46A2-9B65-AE3BD4145CEE}.Debug|iPhone.Build.0 = Debug|Any CPU
		{D1930D72-28B8-46A2-9B65-AE3BD4145CEE}.Debug|iPhone.Deploy.0 = Debug|Any CPU
		{D1930D72-28B8-46A2-9B65-AE3BD4145CEE}.Debug|iPhoneSimulator.ActiveCfg = Debug|Any CPU
		{D1930D72-28B8-46A2-9B65-AE3BD4145CEE}.Debug|iPhoneSimulator.Build.0 = Debug|Any CPU
		{D1930D72-28B8-46A2-9B65-AE3BD4145CEE}.Debug|iPhoneSimulator.Deploy.0 = Debug|Any CPU
		{D1930D72-28B8-46A2-9B65-AE3BD4145CEE}.Debug|x64.ActiveCfg = Debug|Any CPU
		{D1930D72-28B8-46A2-9B65-AE3BD4145CEE}.Debug|x64.Build.0 = Debug|Any CPU
		{D1930D72-28B8-46A2-9B65-AE3BD4145CEE}.Debug|x64.Deploy.0 = Debug|Any CPU
		{D1930D72-28B8-46A2-9B65-AE3BD4145CEE}.Debug|x86.ActiveCfg = Debug|Any CPU
		{D1930D72-28B8-46A2-9B65-AE3BD4145CEE}.Debug|x86.Build.0 = Debug|Any CPU
		{D1930D72-28B8-46A2-9B65-AE3BD4145CEE}.Debug|x86.Deploy.0 = Debug|Any CPU
		{D1930D72-28B8-46A2-9B65-AE3BD4145CEE}.Release|Any CPU.ActiveCfg = Release|Any CPU
		{D1930D72-28B8-46A2-9B65-AE3BD4145CEE}.Release|Any CPU.Build.0 = Release|Any CPU
		{D1930D72-28B8-46A2-9B65-AE3BD4145CEE}.Release|Any CPU.Deploy.0 = Release|Any CPU
		{D1930D72-28B8-46A2-9B65-AE3BD4145CEE}.Release|ARM.ActiveCfg = Release|Any CPU
		{D1930D72-28B8-46A2-9B65-AE3BD4145CEE}.Release|ARM.Build.0 = Release|Any CPU
		{D1930D72-28B8-46A2-9B65-AE3BD4145CEE}.Release|ARM.Deploy.0 = Release|Any CPU
		{D1930D72-28B8-46A2-9B65-AE3BD4145CEE}.Release|iPhone.ActiveCfg = Release|Any CPU
		{D1930D72-28B8-46A2-9B65-AE3BD4145CEE}.Release|iPhone.Build.0 = Release|Any CPU
		{D1930D72-28B8-46A2-9B65-AE3BD4145CEE}.Release|iPhone.Deploy.0 = Release|Any CPU
		{D1930D72-28B8-46A2-9B65-AE3BD4145CEE}.Release|iPhoneSimulator.ActiveCfg = Release|Any CPU
		{D1930D72-28B8-46A2-9B65-AE3BD4145CEE}.Release|iPhoneSimulator.Build.0 = Release|Any CPU
		{D1930D72-28B8-46A2-9B65-AE3BD4145CEE}.Release|iPhoneSimulator.Deploy.0 = Release|Any CPU
		{D1930D72-28B8-46A2-9B65-AE3BD4145CEE}.Release|x64.ActiveCfg = Release|Any CPU
		{D1930D72-28B8-46A2-9B65-AE3BD4145CEE}.Release|x64.Build.0 = Release|Any CPU
		{D1930D72-28B8-46A2-9B65-AE3BD4145CEE}.Release|x64.Deploy.0 = Release|Any CPU
		{D1930D72-28B8-46A2-9B65-AE3BD4145CEE}.Release|x86.ActiveCfg = Release|Any CPU
		{D1930D72-28B8-46A2-9B65-AE3BD4145CEE}.Release|x86.Build.0 = Release|Any CPU
		{D1930D72-28B8-46A2-9B65-AE3BD4145CEE}.Release|x86.Deploy.0 = Release|Any CPU
		{7C53547A-6665-4C3B-BD3C-6C2D65362FEA}.Ad-Hoc|Any CPU.ActiveCfg = Ad-Hoc|iPhone
		{7C53547A-6665-4C3B-BD3C-6C2D65362FEA}.Ad-Hoc|ARM.ActiveCfg = Ad-Hoc|iPhone
		{7C53547A-6665-4C3B-BD3C-6C2D65362FEA}.Ad-Hoc|iPhone.ActiveCfg = Ad-Hoc|iPhone
		{7C53547A-6665-4C3B-BD3C-6C2D65362FEA}.Ad-Hoc|iPhone.Build.0 = Ad-Hoc|iPhone
		{7C53547A-6665-4C3B-BD3C-6C2D65362FEA}.Ad-Hoc|iPhoneSimulator.ActiveCfg = Ad-Hoc|iPhoneSimulator
		{7C53547A-6665-4C3B-BD3C-6C2D65362FEA}.Ad-Hoc|iPhoneSimulator.Build.0 = Ad-Hoc|iPhoneSimulator
		{7C53547A-6665-4C3B-BD3C-6C2D65362FEA}.Ad-Hoc|x64.ActiveCfg = Ad-Hoc|iPhone
		{7C53547A-6665-4C3B-BD3C-6C2D65362FEA}.Ad-Hoc|x86.ActiveCfg = Ad-Hoc|iPhone
		{7C53547A-6665-4C3B-BD3C-6C2D65362FEA}.AppStore|Any CPU.ActiveCfg = AppStore|iPhone
		{7C53547A-6665-4C3B-BD3C-6C2D65362FEA}.AppStore|ARM.ActiveCfg = AppStore|iPhone
		{7C53547A-6665-4C3B-BD3C-6C2D65362FEA}.AppStore|iPhone.ActiveCfg = AppStore|iPhone
		{7C53547A-6665-4C3B-BD3C-6C2D65362FEA}.AppStore|iPhone.Build.0 = AppStore|iPhone
		{7C53547A-6665-4C3B-BD3C-6C2D65362FEA}.AppStore|iPhoneSimulator.ActiveCfg = AppStore|iPhoneSimulator
		{7C53547A-6665-4C3B-BD3C-6C2D65362FEA}.AppStore|iPhoneSimulator.Build.0 = AppStore|iPhoneSimulator
		{7C53547A-6665-4C3B-BD3C-6C2D65362FEA}.AppStore|x64.ActiveCfg = AppStore|iPhone
		{7C53547A-6665-4C3B-BD3C-6C2D65362FEA}.AppStore|x86.ActiveCfg = AppStore|iPhone
		{7C53547A-6665-4C3B-BD3C-6C2D65362FEA}.Debug|Any CPU.ActiveCfg = Debug|iPhone
		{7C53547A-6665-4C3B-BD3C-6C2D65362FEA}.Debug|ARM.ActiveCfg = Debug|iPhone
		{7C53547A-6665-4C3B-BD3C-6C2D65362FEA}.Debug|iPhone.ActiveCfg = Debug|iPhone
		{7C53547A-6665-4C3B-BD3C-6C2D65362FEA}.Debug|iPhone.Build.0 = Debug|iPhone
		{7C53547A-6665-4C3B-BD3C-6C2D65362FEA}.Debug|iPhoneSimulator.ActiveCfg = Debug|iPhoneSimulator
		{7C53547A-6665-4C3B-BD3C-6C2D65362FEA}.Debug|iPhoneSimulator.Build.0 = Debug|iPhoneSimulator
		{7C53547A-6665-4C3B-BD3C-6C2D65362FEA}.Debug|x64.ActiveCfg = Debug|iPhone
		{7C53547A-6665-4C3B-BD3C-6C2D65362FEA}.Debug|x86.ActiveCfg = Debug|iPhone
		{7C53547A-6665-4C3B-BD3C-6C2D65362FEA}.Release|Any CPU.ActiveCfg = Release|iPhone
		{7C53547A-6665-4C3B-BD3C-6C2D65362FEA}.Release|ARM.ActiveCfg = Release|iPhone
		{7C53547A-6665-4C3B-BD3C-6C2D65362FEA}.Release|iPhone.ActiveCfg = Release|iPhone
		{7C53547A-6665-4C3B-BD3C-6C2D65362FEA}.Release|iPhone.Build.0 = Release|iPhone
		{7C53547A-6665-4C3B-BD3C-6C2D65362FEA}.Release|iPhoneSimulator.ActiveCfg = Release|iPhoneSimulator
		{7C53547A-6665-4C3B-BD3C-6C2D65362FEA}.Release|iPhoneSimulator.Build.0 = Release|iPhoneSimulator
		{7C53547A-6665-4C3B-BD3C-6C2D65362FEA}.Release|x64.ActiveCfg = Release|iPhone
		{7C53547A-6665-4C3B-BD3C-6C2D65362FEA}.Release|x86.ActiveCfg = Release|iPhone
		{D9288A2E-576A-4988-A63F-D4E0B0C9663D}.Ad-Hoc|Any CPU.ActiveCfg = Release|x86
		{D9288A2E-576A-4988-A63F-D4E0B0C9663D}.Ad-Hoc|Any CPU.Build.0 = Release|x86
		{D9288A2E-576A-4988-A63F-D4E0B0C9663D}.Ad-Hoc|Any CPU.Deploy.0 = Release|x86
		{D9288A2E-576A-4988-A63F-D4E0B0C9663D}.Ad-Hoc|ARM.ActiveCfg = Release|ARM
		{D9288A2E-576A-4988-A63F-D4E0B0C9663D}.Ad-Hoc|ARM.Build.0 = Release|ARM
		{D9288A2E-576A-4988-A63F-D4E0B0C9663D}.Ad-Hoc|ARM.Deploy.0 = Release|ARM
		{D9288A2E-576A-4988-A63F-D4E0B0C9663D}.Ad-Hoc|iPhone.ActiveCfg = Release|x86
		{D9288A2E-576A-4988-A63F-D4E0B0C9663D}.Ad-Hoc|iPhone.Build.0 = Release|x86
		{D9288A2E-576A-4988-A63F-D4E0B0C9663D}.Ad-Hoc|iPhone.Deploy.0 = Release|x86
		{D9288A2E-576A-4988-A63F-D4E0B0C9663D}.Ad-Hoc|iPhoneSimulator.ActiveCfg = Release|x86
		{D9288A2E-576A-4988-A63F-D4E0B0C9663D}.Ad-Hoc|iPhoneSimulator.Build.0 = Release|x86
		{D9288A2E-576A-4988-A63F-D4E0B0C9663D}.Ad-Hoc|iPhoneSimulator.Deploy.0 = Release|x86
		{D9288A2E-576A-4988-A63F-D4E0B0C9663D}.Ad-Hoc|x64.ActiveCfg = Release|x64
		{D9288A2E-576A-4988-A63F-D4E0B0C9663D}.Ad-Hoc|x64.Build.0 = Release|x64
		{D9288A2E-576A-4988-A63F-D4E0B0C9663D}.Ad-Hoc|x64.Deploy.0 = Release|x64
		{D9288A2E-576A-4988-A63F-D4E0B0C9663D}.Ad-Hoc|x86.ActiveCfg = Release|x86
		{D9288A2E-576A-4988-A63F-D4E0B0C9663D}.Ad-Hoc|x86.Build.0 = Release|x86
		{D9288A2E-576A-4988-A63F-D4E0B0C9663D}.Ad-Hoc|x86.Deploy.0 = Release|x86
		{D9288A2E-576A-4988-A63F-D4E0B0C9663D}.AppStore|Any CPU.ActiveCfg = Release|x86
		{D9288A2E-576A-4988-A63F-D4E0B0C9663D}.AppStore|Any CPU.Build.0 = Release|x86
		{D9288A2E-576A-4988-A63F-D4E0B0C9663D}.AppStore|Any CPU.Deploy.0 = Release|x86
		{D9288A2E-576A-4988-A63F-D4E0B0C9663D}.AppStore|ARM.ActiveCfg = Release|ARM
		{D9288A2E-576A-4988-A63F-D4E0B0C9663D}.AppStore|ARM.Build.0 = Release|ARM
		{D9288A2E-576A-4988-A63F-D4E0B0C9663D}.AppStore|ARM.Deploy.0 = Release|ARM
		{D9288A2E-576A-4988-A63F-D4E0B0C9663D}.AppStore|iPhone.ActiveCfg = Release|x86
		{D9288A2E-576A-4988-A63F-D4E0B0C9663D}.AppStore|iPhone.Build.0 = Release|x86
		{D9288A2E-576A-4988-A63F-D4E0B0C9663D}.AppStore|iPhone.Deploy.0 = Release|x86
		{D9288A2E-576A-4988-A63F-D4E0B0C9663D}.AppStore|iPhoneSimulator.ActiveCfg = Release|x86
		{D9288A2E-576A-4988-A63F-D4E0B0C9663D}.AppStore|iPhoneSimulator.Build.0 = Release|x86
		{D9288A2E-576A-4988-A63F-D4E0B0C9663D}.AppStore|iPhoneSimulator.Deploy.0 = Release|x86
		{D9288A2E-576A-4988-A63F-D4E0B0C9663D}.AppStore|x64.ActiveCfg = Release|x64
		{D9288A2E-576A-4988-A63F-D4E0B0C9663D}.AppStore|x64.Build.0 = Release|x64
		{D9288A2E-576A-4988-A63F-D4E0B0C9663D}.AppStore|x64.Deploy.0 = Release|x64
		{D9288A2E-576A-4988-A63F-D4E0B0C9663D}.AppStore|x86.ActiveCfg = Release|x86
		{D9288A2E-576A-4988-A63F-D4E0B0C9663D}.AppStore|x86.Build.0 = Release|x86
		{D9288A2E-576A-4988-A63F-D4E0B0C9663D}.AppStore|x86.Deploy.0 = Release|x86
		{D9288A2E-576A-4988-A63F-D4E0B0C9663D}.Debug|Any CPU.ActiveCfg = Debug|x86
		{D9288A2E-576A-4988-A63F-D4E0B0C9663D}.Debug|ARM.ActiveCfg = Debug|ARM
		{D9288A2E-576A-4988-A63F-D4E0B0C9663D}.Debug|ARM.Build.0 = Debug|ARM
		{D9288A2E-576A-4988-A63F-D4E0B0C9663D}.Debug|ARM.Deploy.0 = Debug|ARM
		{D9288A2E-576A-4988-A63F-D4E0B0C9663D}.Debug|iPhone.ActiveCfg = Debug|x86
		{D9288A2E-576A-4988-A63F-D4E0B0C9663D}.Debug|iPhoneSimulator.ActiveCfg = Debug|x86
		{D9288A2E-576A-4988-A63F-D4E0B0C9663D}.Debug|x64.ActiveCfg = Debug|x64
		{D9288A2E-576A-4988-A63F-D4E0B0C9663D}.Debug|x64.Build.0 = Debug|x64
		{D9288A2E-576A-4988-A63F-D4E0B0C9663D}.Debug|x64.Deploy.0 = Debug|x64
		{D9288A2E-576A-4988-A63F-D4E0B0C9663D}.Debug|x86.ActiveCfg = Debug|x86
		{D9288A2E-576A-4988-A63F-D4E0B0C9663D}.Debug|x86.Build.0 = Debug|x86
		{D9288A2E-576A-4988-A63F-D4E0B0C9663D}.Debug|x86.Deploy.0 = Debug|x86
		{D9288A2E-576A-4988-A63F-D4E0B0C9663D}.Release|Any CPU.ActiveCfg = Release|x86
		{D9288A2E-576A-4988-A63F-D4E0B0C9663D}.Release|ARM.ActiveCfg = Release|ARM
		{D9288A2E-576A-4988-A63F-D4E0B0C9663D}.Release|ARM.Build.0 = Release|ARM
		{D9288A2E-576A-4988-A63F-D4E0B0C9663D}.Release|ARM.Deploy.0 = Release|ARM
		{D9288A2E-576A-4988-A63F-D4E0B0C9663D}.Release|iPhone.ActiveCfg = Release|x86
		{D9288A2E-576A-4988-A63F-D4E0B0C9663D}.Release|iPhoneSimulator.ActiveCfg = Release|x86
		{D9288A2E-576A-4988-A63F-D4E0B0C9663D}.Release|x64.ActiveCfg = Release|x64
		{D9288A2E-576A-4988-A63F-D4E0B0C9663D}.Release|x64.Build.0 = Release|x64
		{D9288A2E-576A-4988-A63F-D4E0B0C9663D}.Release|x64.Deploy.0 = Release|x64
		{D9288A2E-576A-4988-A63F-D4E0B0C9663D}.Release|x86.ActiveCfg = Release|x86
		{D9288A2E-576A-4988-A63F-D4E0B0C9663D}.Release|x86.Build.0 = Release|x86
		{D9288A2E-576A-4988-A63F-D4E0B0C9663D}.Release|x86.Deploy.0 = Release|x86
	EndGlobalSection
	GlobalSection(SolutionProperties) = preSolution
		HideSolutionNode = FALSE
	EndGlobalSection
	GlobalSection(ExtensibilityGlobals) = postSolution
		SolutionGuid = {4D04FB85-6A92-43CB-B0E2-26DB0380BA1B}
	EndGlobalSection
EndGlobal
