
Microsoft Visual Studio Solution File, Format Version 12.00
# Visual Studio 15
VisualStudioVersion = 15.0.27428.2037
MinimumVisualStudioVersion = 10.0.40219.1
Project("{FAE04EC0-301F-11D3-BF4B-00C04F79EFBC}") = "PlayAudio", "PlayAudio\PlayAudio.csproj", "{AE0F23CD-AF8F-418D-AB57-E2B0B5E1DEF4}"
EndProject
Global
	GlobalSection(SolutionConfigurationPlatforms) = preSolution
		Debug|Any CPU = Debug|Any CPU
		Release|Any CPU = Release|Any CPU
	EndGlobalSection
	GlobalSection(ProjectConfigurationPlatforms) = postSolution
		{AE0F23CD-AF8F-418D-AB57-E2B0B5E1DEF4}.Debug|Any CPU.ActiveCfg = Debug|Any CPU
		{AE0F23CD-AF8F-418D-AB57-E2B0B5E1DEF4}.Debug|Any CPU.Build.0 = Debug|Any CPU
		{AE0F23CD-AF8F-418D-AB57-E2B0B5E1DEF4}.Debug|Any CPU.Deploy.0 = Debug|Any CPU
		{AE0F23CD-AF8F-418D-AB57-E2B0B5E1DEF4}.Release|Any CPU.ActiveCfg = Release|Any CPU
		{AE0F23CD-AF8F-418D-AB57-E2B0B5E1DEF4}.Release|Any CPU.Build.0 = Release|Any CPU
	EndGlobalSection
	GlobalSection(SolutionProperties) = preSolution
		HideSolutionNode = FALSE
	EndGlobalSection
	GlobalSection(ExtensibilityGlobals) = postSolution
		SolutionGuid = {E07C83A8-C3E7-4D9F-95BD-77B7B9A031AF}
	EndGlobalSection
	GlobalSection(MonoDevelopProperties) = preSolution
		StartupItem = PlayAudio\PlayAudio.csproj
	EndGlobalSection
EndGlobal
